
Microsoft Visual Studio Solution File, Format Version 12.00
# Visual Studio Version 17
VisualStudioVersion = 17.14.36518.9 d17.14
MinimumVisualStudioVersion = 10.0.40219.1
Project("{8BC9CEB8-8B4A-11D0-8D11-00A0C91BC942}") = "Vjezba5", "Vjezba5\Vjezba5.vcxproj", "{EF30CD04-3F08-422A-9E7E-6400FB82E7C4}"
EndProject
Global
	GlobalSection(SolutionConfigurationPlatforms) = preSolution
		Debug|x64 = Debug|x64
		Debug|x86 = Debug|x86
		Release|x64 = Release|x64
		Release|x86 = Release|x86
	EndGlobalSection
	GlobalSection(ProjectConfigurationPlatforms) = postSolution
		{EF30CD04-3F08-422A-9E7E-6400FB82E7C4}.Debug|x64.ActiveCfg = Debug|x64
		{EF30CD04-3F08-422A-9E7E-6400FB82E7C4}.Debug|x64.Build.0 = Debug|x64
		{EF30CD04-3F08-422A-9E7E-6400FB82E7C4}.Debug|x86.ActiveCfg = Debug|Win32
		{EF30CD04-3F08-422A-9E7E-6400FB82E7C4}.Debug|x86.Build.0 = Debug|Win32
		{EF30CD04-3F08-422A-9E7E-6400FB82E7C4}.Release|x64.ActiveCfg = Release|x64
		{EF30CD04-3F08-422A-9E7E-6400FB82E7C4}.Release|x64.Build.0 = Release|x64
		{EF30CD04-3F08-422A-9E7E-6400FB82E7C4}.Release|x86.ActiveCfg = Release|Win32
		{EF30CD04-3F08-422A-9E7E-6400FB82E7C4}.Release|x86.Build.0 = Release|Win32
	EndGlobalSection
	GlobalSection(SolutionProperties) = preSolution
		HideSolutionNode = FALSE
	EndGlobalSection
	GlobalSection(ExtensibilityGlobals) = postSolution
		SolutionGuid = {81677DA8-5626-49D4-B02E-49D68D753E0C}
	EndGlobalSection
EndGlobal
